
Microsoft Visual Studio Solution File, Format Version 12.00
# Visual Studio Version 17
VisualStudioVersion = 17.6.33829.357
MinimumVisualStudioVersion = 10.0.40219.1
Project("{FAE04EC0-301F-11D3-BF4B-00C04F79EFBC}") = "MvcApiClientMultiplesRoutes", "MvcApiClientMultiplesRoutes\MvcApiClientMultiplesRoutes.csproj", "{DB842320-1FA9-4A21-A622-C1C12EB196C1}"
EndProject
Global
	GlobalSection(SolutionConfigurationPlatforms) = preSolution
		Debug|Any CPU = Debug|Any CPU
		Release|Any CPU = Release|Any CPU
	EndGlobalSection
	GlobalSection(ProjectConfigurationPlatforms) = postSolution
		{DB842320-1FA9-4A21-A622-C1C12EB196C1}.Debug|Any CPU.ActiveCfg = Debug|Any CPU
		{DB842320-1FA9-4A21-A622-C1C12EB196C1}.Debug|Any CPU.Build.0 = Debug|Any CPU
		{DB842320-1FA9-4A21-A622-C1C12EB196C1}.Release|Any CPU.ActiveCfg = Release|Any CPU
		{DB842320-1FA9-4A21-A622-C1C12EB196C1}.Release|Any CPU.Build.0 = Release|Any CPU
	EndGlobalSection
	GlobalSection(SolutionProperties) = preSolution
		HideSolutionNode = FALSE
	EndGlobalSection
	GlobalSection(ExtensibilityGlobals) = postSolution
		SolutionGuid = {CA9E94A7-E70E-45BC-939A-9F38167BB539}
	EndGlobalSection
EndGlobal
